
Microsoft Visual Studio Solution File, Format Version 12.00
# Visual Studio 15
VisualStudioVersion = 15.0.28010.2036
MinimumVisualStudioVersion = 10.0.40219.1
Project("{FAE04EC0-301F-11D3-BF4B-00C04F79EFBC}") = "SharpPack", "SharpPack.csproj", "{56598F1C-6D88-4994-A392-AF337ABE5777}"
EndProject
Global
	GlobalSection(SolutionConfigurationPlatforms) = preSolution
		Debug|Any CPU = Debug|Any CPU
		Debug|x64 = Debug|x64
		Release|Any CPU = Release|Any CPU
		Release|x64 = Release|x64
	EndGlobalSection
	GlobalSection(ProjectConfigurationPlatforms) = postSolution
		{56598F1C-6D88-4994-A392-AF337ABE5777}.Debug|Any CPU.ActiveCfg = Debug|Any CPU
		{56598F1C-6D88-4994-A392-AF337ABE5777}.Debug|Any CPU.Build.0 = Debug|Any CPU
		{56598F1C-6D88-4994-A392-AF337ABE5777}.Debug|x64.ActiveCfg = Debug|x64
		{56598F1C-6D88-4994-A392-AF337ABE5777}.Debug|x64.Build.0 = Debug|x64
		{56598F1C-6D88-4994-A392-AF337ABE5777}.Release|Any CPU.ActiveCfg = Release|Any CPU
		{56598F1C-6D88-4994-A392-AF337ABE5777}.Release|Any CPU.Build.0 = Release|Any CPU
		{56598F1C-6D88-4994-A392-AF337ABE5777}.Release|x64.ActiveCfg = Release|x64
		{56598F1C-6D88-4994-A392-AF337ABE5777}.Release|x64.Build.0 = Release|x64
	EndGlobalSection
	GlobalSection(SolutionProperties) = preSolution
		HideSolutionNode = FALSE
	EndGlobalSection
	GlobalSection(ExtensibilityGlobals) = postSolution
		SolutionGuid = {3CE1B701-143E-4986-AC58-FFFE7052235C}
	EndGlobalSection
EndGlobal
